
Microsoft Visual Studio Solution File, Format Version 12.00
# Visual Studio Version 16
VisualStudioVersion = 16.0.30907.101
MinimumVisualStudioVersion = 10.0.40219.1
Project("{FAE04EC0-301F-11D3-BF4B-00C04F79EFBC}") = "hw_15", "hw_15\hw_15.csproj", "{84DF3C9A-4D4C-404A-9553-DBB44A74FFA5}"
EndProject
Project("{FAE04EC0-301F-11D3-BF4B-00C04F79EFBC}") = "BankLibrary", "BankLibrary\BankLibrary.csproj", "{38AAFBDD-4204-40C5-B6B9-2DDAFEEF6611}"
EndProject
Global
	GlobalSection(SolutionConfigurationPlatforms) = preSolution
		Debug|Any CPU = Debug|Any CPU
		Release|Any CPU = Release|Any CPU
	EndGlobalSection
	GlobalSection(ProjectConfigurationPlatforms) = postSolution
		{84DF3C9A-4D4C-404A-9553-DBB44A74FFA5}.Debug|Any CPU.ActiveCfg = Debug|Any CPU
		{84DF3C9A-4D4C-404A-9553-DBB44A74FFA5}.Debug|Any CPU.Build.0 = Debug|Any CPU
		{84DF3C9A-4D4C-404A-9553-DBB44A74FFA5}.Release|Any CPU.ActiveCfg = Release|Any CPU
		{84DF3C9A-4D4C-404A-9553-DBB44A74FFA5}.Release|Any CPU.Build.0 = Release|Any CPU
		{38AAFBDD-4204-40C5-B6B9-2DDAFEEF6611}.Debug|Any CPU.ActiveCfg = Debug|Any CPU
		{38AAFBDD-4204-40C5-B6B9-2DDAFEEF6611}.Debug|Any CPU.Build.0 = Debug|Any CPU
		{38AAFBDD-4204-40C5-B6B9-2DDAFEEF6611}.Release|Any CPU.ActiveCfg = Release|Any CPU
		{38AAFBDD-4204-40C5-B6B9-2DDAFEEF6611}.Release|Any CPU.Build.0 = Release|Any CPU
	EndGlobalSection
	GlobalSection(SolutionProperties) = preSolution
		HideSolutionNode = FALSE
	EndGlobalSection
	GlobalSection(ExtensibilityGlobals) = postSolution
		SolutionGuid = {D405075F-03AF-4292-8526-C4497BFC55F7}
	EndGlobalSection
EndGlobal
